# Code generated by scarb DO NOT EDIT.
version = 1

[[package]]
name = "openzeppelin_account"
version = "2.0.0"
source = "git+https://github.com/OpenZeppelin/cairo-contracts.git?tag=v2.0.0#f1c15a30a44311166e0368081c5f79ab5a02c1d3"
dependencies = [
 "openzeppelin_introspection",
 "openzeppelin_utils",
]

[[package]]
name = "openzeppelin_introspection"
version = "2.0.0"
source = "git+https://github.com/OpenZeppelin/cairo-contracts.git?tag=v2.0.0#f1c15a30a44311166e0368081c5f79ab5a02c1d3"

[[package]]
name = "openzeppelin_security"
version = "2.0.0"
source = "git+https://github.com/OpenZeppelin/cairo-contracts.git?tag=v2.0.0#f1c15a30a44311166e0368081c5f79ab5a02c1d3"

[[package]]
name = "openzeppelin_utils"
version = "2.0.0"
source = "git+https://github.com/OpenZeppelin/cairo-contracts.git?tag=v2.0.0#f1c15a30a44311166e0368081c5f79ab5a02c1d3"

[[package]]
name = "snforge_scarb_plugin"
version = "0.54.1"
source = "registry+https://scarbs.xyz/"
checksum = "sha256:5c754ba8c262633e60c2cd06710cb96604c8bf20595fe60965013fedd8a55df9"

[[package]]
name = "snforge_std"
version = "0.54.1"
source = "registry+https://scarbs.xyz/"
checksum = "sha256:e0532e6149ffc580e282d0774404e512a6814d477cd65529b91d5a09ac6e07d6"
dependencies = [
 "snforge_scarb_plugin",
]

[[package]]
name = "vault_share"
version = "0.1.0"
dependencies = [
 "openzeppelin_account",
 "openzeppelin_introspection",
 "openzeppelin_security",
 "snforge_std",
]
